
Microsoft Visual Studio Solution File, Format Version 12.00
# Visual Studio Version 17
VisualStudioVersion = 17.0.31919.166
MinimumVisualStudioVersion = 10.0.40219.1
Project("{FAE04EC0-301F-11D3-BF4B-00C04F79EFBC}") = "AdditionalTask", "AdditionalTask\AdditionalTask.csproj", "{C4E58BAA-4F1E-45C7-8DB6-22FBD456C097}"
EndProject
Project("{FAE04EC0-301F-11D3-BF4B-00C04F79EFBC}") = "Task2", "Task2\Task2.csproj", "{53F07B9D-0CCE-4575-A5CF-143E08CE524A}"
EndProject
Project("{FAE04EC0-301F-11D3-BF4B-00C04F79EFBC}") = "Task3", "Task3\Task3.csproj", "{D18F1C4D-E1ED-4FA8-BA8E-937D4941FDB0}"
EndProject
Global
	GlobalSection(SolutionConfigurationPlatforms) = preSolution
		Debug|Any CPU = Debug|Any CPU
		Release|Any CPU = Release|Any CPU
	EndGlobalSection
	GlobalSection(ProjectConfigurationPlatforms) = postSolution
		{C4E58BAA-4F1E-45C7-8DB6-22FBD456C097}.Debug|Any CPU.ActiveCfg = Debug|Any CPU
		{C4E58BAA-4F1E-45C7-8DB6-22FBD456C097}.Debug|Any CPU.Build.0 = Debug|Any CPU
		{C4E58BAA-4F1E-45C7-8DB6-22FBD456C097}.Release|Any CPU.ActiveCfg = Release|Any CPU
		{C4E58BAA-4F1E-45C7-8DB6-22FBD456C097}.Release|Any CPU.Build.0 = Release|Any CPU
		{53F07B9D-0CCE-4575-A5CF-143E08CE524A}.Debug|Any CPU.ActiveCfg = Debug|Any CPU
		{53F07B9D-0CCE-4575-A5CF-143E08CE524A}.Debug|Any CPU.Build.0 = Debug|Any CPU
		{53F07B9D-0CCE-4575-A5CF-143E08CE524A}.Release|Any CPU.ActiveCfg = Release|Any CPU
		{53F07B9D-0CCE-4575-A5CF-143E08CE524A}.Release|Any CPU.Build.0 = Release|Any CPU
		{D18F1C4D-E1ED-4FA8-BA8E-937D4941FDB0}.Debug|Any CPU.ActiveCfg = Debug|Any CPU
		{D18F1C4D-E1ED-4FA8-BA8E-937D4941FDB0}.Debug|Any CPU.Build.0 = Debug|Any CPU
		{D18F1C4D-E1ED-4FA8-BA8E-937D4941FDB0}.Release|Any CPU.ActiveCfg = Release|Any CPU
		{D18F1C4D-E1ED-4FA8-BA8E-937D4941FDB0}.Release|Any CPU.Build.0 = Release|Any CPU
	EndGlobalSection
	GlobalSection(SolutionProperties) = preSolution
		HideSolutionNode = FALSE
	EndGlobalSection
	GlobalSection(ExtensibilityGlobals) = postSolution
		SolutionGuid = {295E5F67-94BD-445D-8011-E5465C020C5B}
	EndGlobalSection
EndGlobal
